
Microsoft Visual Studio Solution File, Format Version 12.00
# Visual Studio Version 16
VisualStudioVersion = 16.0.31205.134
MinimumVisualStudioVersion = 10.0.40219.1
Project("{FAE04EC0-301F-11D3-BF4B-00C04F79EFBC}") = "SignalRDemo", "SignalRDemo\SignalRDemo.csproj", "{C46A80BE-214A-42C1-94C5-20A313416051}"
EndProject
Global
	GlobalSection(SolutionConfigurationPlatforms) = preSolution
		Debug|Any CPU = Debug|Any CPU
		Release|Any CPU = Release|Any CPU
	EndGlobalSection
	GlobalSection(ProjectConfigurationPlatforms) = postSolution
		{C46A80BE-214A-42C1-94C5-20A313416051}.Debug|Any CPU.ActiveCfg = Debug|Any CPU
		{C46A80BE-214A-42C1-94C5-20A313416051}.Debug|Any CPU.Build.0 = Debug|Any CPU
		{C46A80BE-214A-42C1-94C5-20A313416051}.Release|Any CPU.ActiveCfg = Release|Any CPU
		{C46A80BE-214A-42C1-94C5-20A313416051}.Release|Any CPU.Build.0 = Release|Any CPU
	EndGlobalSection
	GlobalSection(SolutionProperties) = preSolution
		HideSolutionNode = FALSE
	EndGlobalSection
	GlobalSection(ExtensibilityGlobals) = postSolution
		SolutionGuid = {14B26948-6AB6-4234-8FE4-F2D3A2EEB0DD}
	EndGlobalSection
EndGlobal
